
Microsoft Visual Studio Solution File, Format Version 12.00
# Visual Studio Version 17
VisualStudioVersion = 17.0.31903.59
MinimumVisualStudioVersion = 10.0.40219.1
Project("{2150E333-8FDC-42A3-9474-1A3956D46DE8}") = "src", "src", "{8C9774E3-9075-4FE5-91C3-0E377DE58E47}"
EndProject
Project("{FAE04EC0-301F-11D3-BF4B-00C04F79EFBC}") = "LORE-LLM", "src\LORE-LLM\LORE-LLM.csproj", "{F2ED2A70-39D5-48CF-8355-50E8230EAE56}"
EndProject
Project("{2150E333-8FDC-42A3-9474-1A3956D46DE8}") = "tests", "tests", "{1593E730-F7F9-4717-9BE9-DFCBEE9C68B8}"
EndProject
Project("{FAE04EC0-301F-11D3-BF4B-00C04F79EFBC}") = "LORE-LLM.Tests", "tests\LORE-LLM.Tests\LORE-LLM.Tests.csproj", "{99BD2F56-7960-4ED1-8A94-F9AABCF6A8DF}"
EndProject
Global
	GlobalSection(SolutionConfigurationPlatforms) = preSolution
		Debug|Any CPU = Debug|Any CPU
		Release|Any CPU = Release|Any CPU
	EndGlobalSection
	GlobalSection(SolutionProperties) = preSolution
		HideSolutionNode = FALSE
	EndGlobalSection
	GlobalSection(ProjectConfigurationPlatforms) = postSolution
		{F2ED2A70-39D5-48CF-8355-50E8230EAE56}.Debug|Any CPU.ActiveCfg = Debug|Any CPU
		{F2ED2A70-39D5-48CF-8355-50E8230EAE56}.Debug|Any CPU.Build.0 = Debug|Any CPU
		{F2ED2A70-39D5-48CF-8355-50E8230EAE56}.Release|Any CPU.ActiveCfg = Release|Any CPU
		{F2ED2A70-39D5-48CF-8355-50E8230EAE56}.Release|Any CPU.Build.0 = Release|Any CPU
		{99BD2F56-7960-4ED1-8A94-F9AABCF6A8DF}.Debug|Any CPU.ActiveCfg = Debug|Any CPU
		{99BD2F56-7960-4ED1-8A94-F9AABCF6A8DF}.Debug|Any CPU.Build.0 = Debug|Any CPU
		{99BD2F56-7960-4ED1-8A94-F9AABCF6A8DF}.Release|Any CPU.ActiveCfg = Release|Any CPU
		{99BD2F56-7960-4ED1-8A94-F9AABCF6A8DF}.Release|Any CPU.Build.0 = Release|Any CPU
	EndGlobalSection
	GlobalSection(NestedProjects) = preSolution
		{F2ED2A70-39D5-48CF-8355-50E8230EAE56} = {8C9774E3-9075-4FE5-91C3-0E377DE58E47}
		{99BD2F56-7960-4ED1-8A94-F9AABCF6A8DF} = {1593E730-F7F9-4717-9BE9-DFCBEE9C68B8}
	EndGlobalSection
EndGlobal
